
Microsoft Visual Studio Solution File, Format Version 12.00
# Visual Studio Version 17
VisualStudioVersion = 17.4.33122.133
MinimumVisualStudioVersion = 10.0.40219.1
Project("{9A19103F-16F7-4668-BE54-9A1E7A4F7556}") = "Obaki.LocalStorageCache", "src\Obaki.LocalStorageCache\Obaki.LocalStorageCache.csproj", "{E3FAB0BF-205D-4413-9945-50A36745F09E}"
EndProject
Project("{FAE04EC0-301F-11D3-BF4B-00C04F79EFBC}") = "Obaki.LocalStorageCache.Test", "Obaki.LocalStorageCache.Test\Obaki.LocalStorageCache.Test.csproj", "{046DA0A2-D5A8-4A7E-89F4-165C7D88291F}"
EndProject
Global
	GlobalSection(SolutionConfigurationPlatforms) = preSolution
		Debug|Any CPU = Debug|Any CPU
		Release|Any CPU = Release|Any CPU
	EndGlobalSection
	GlobalSection(ProjectConfigurationPlatforms) = postSolution
		{E3FAB0BF-205D-4413-9945-50A36745F09E}.Debug|Any CPU.ActiveCfg = Debug|Any CPU
		{E3FAB0BF-205D-4413-9945-50A36745F09E}.Debug|Any CPU.Build.0 = Debug|Any CPU
		{E3FAB0BF-205D-4413-9945-50A36745F09E}.Release|Any CPU.ActiveCfg = Release|Any CPU
		{E3FAB0BF-205D-4413-9945-50A36745F09E}.Release|Any CPU.Build.0 = Release|Any CPU
		{046DA0A2-D5A8-4A7E-89F4-165C7D88291F}.Debug|Any CPU.ActiveCfg = Debug|Any CPU
		{046DA0A2-D5A8-4A7E-89F4-165C7D88291F}.Debug|Any CPU.Build.0 = Debug|Any CPU
		{046DA0A2-D5A8-4A7E-89F4-165C7D88291F}.Release|Any CPU.ActiveCfg = Release|Any CPU
		{046DA0A2-D5A8-4A7E-89F4-165C7D88291F}.Release|Any CPU.Build.0 = Release|Any CPU
	EndGlobalSection
	GlobalSection(SolutionProperties) = preSolution
		HideSolutionNode = FALSE
	EndGlobalSection
	GlobalSection(ExtensibilityGlobals) = postSolution
		SolutionGuid = {112DE06B-0EE0-4A99-996A-E82606CC5E13}
	EndGlobalSection
EndGlobal
